// !$*UTF8*$!
{
	archiveVersion = 1;
	classes = {
	};
	objectVersion = 55;
	objects = {

/* Begin PBXBuildFile section */
		0AE9A8FAE3AC89B1A4B38FDF /* Pods_Learning_Reactive.framework in Frameworks */ = {isa = PBXBuildFile; fileRef = 554F667A3B53824B780245A6 /* Pods_Learning_Reactive.framework */; };
		1E500D8928606FE0006483A0 /* AppDelegate.swift in Sources */ = {isa = PBXBuildFile; fileRef = 1E500D8828606FE0006483A0 /* AppDelegate.swift */; };
		1E500D8B28606FE0006483A0 /* SceneDelegate.swift in Sources */ = {isa = PBXBuildFile; fileRef = 1E500D8A28606FE0006483A0 /* SceneDelegate.swift */; };
		1E500D8D28606FE0006483A0 /* MainViewController.swift in Sources */ = {isa = PBXBuildFile; fileRef = 1E500D8C28606FE0006483A0 /* MainViewController.swift */; };
		1E500D9028606FE0006483A0 /* Main.storyboard in Resources */ = {isa = PBXBuildFile; fileRef = 1E500D8E28606FE0006483A0 /* Main.storyboard */; };
		1E500D9228606FE1006483A0 /* Assets.xcassets in Resources */ = {isa = PBXBuildFile; fileRef = 1E500D9128606FE1006483A0 /* Assets.xcassets */; };
		1E500D9528606FE1006483A0 /* LaunchScreen.storyboard in Resources */ = {isa = PBXBuildFile; fileRef = 1E500D9328606FE1006483A0 /* LaunchScreen.storyboard */; };
		1E500DA028606FE2006483A0 /* Learning_ReactiveTests.swift in Sources */ = {isa = PBXBuildFile; fileRef = 1E500D9F28606FE2006483A0 /* Learning_ReactiveTests.swift */; };
		1E500DAA28606FE2006483A0 /* Learning_ReactiveUITests.swift in Sources */ = {isa = PBXBuildFile; fileRef = 1E500DA928606FE2006483A0 /* Learning_ReactiveUITests.swift */; };
		1E500DAC28606FE2006483A0 /* Learning_ReactiveUITestsLaunchTests.swift in Sources */ = {isa = PBXBuildFile; fileRef = 1E500DAB28606FE2006483A0 /* Learning_ReactiveUITestsLaunchTests.swift */; };
		1E500DBD286078BC006483A0 /* ThaiDigitViewController.swift in Sources */ = {isa = PBXBuildFile; fileRef = 1E500DBC286078BC006483A0 /* ThaiDigitViewController.swift */; };
		1E500DC228607915006483A0 /* MainViewModel.swift in Sources */ = {isa = PBXBuildFile; fileRef = 1E500DC128607915006483A0 /* MainViewModel.swift */; };
		1E500DC428607927006483A0 /* Module.swift in Sources */ = {isa = PBXBuildFile; fileRef = 1E500DC328607927006483A0 /* Module.swift */; };
		1E500DC728607C3D006483A0 /* Constants.swift in Sources */ = {isa = PBXBuildFile; fileRef = 1E500DC628607C3D006483A0 /* Constants.swift */; };
		6E20D22DD17F3969F62EBB35 /* Pods_Learning_ReactiveTests.framework in Frameworks */ = {isa = PBXBuildFile; fileRef = 4BBE8CDE7A94CB15DC52F614 /* Pods_Learning_ReactiveTests.framework */; };
		DEDD9DADC1ACA35D35387E85 /* Pods_Learning_Reactive_Learning_ReactiveUITests.framework in Frameworks */ = {isa = PBXBuildFile; fileRef = DB8923BD3EAB046D3608110B /* Pods_Learning_Reactive_Learning_ReactiveUITests.framework */; };
/* End PBXBuildFile section */

/* Begin PBXContainerItemProxy section */
		1E500D9C28606FE2006483A0 /* PBXContainerItemProxy */ = {
			isa = PBXContainerItemProxy;
			containerPortal = 1E500D7D28606FE0006483A0 /* Project object */;
			proxyType = 1;
			remoteGlobalIDString = 1E500D8428606FE0006483A0;
			remoteInfo = "Learning-Reactive";
		};
		1E500DA628606FE2006483A0 /* PBXContainerItemProxy */ = {
			isa = PBXContainerItemProxy;
			containerPortal = 1E500D7D28606FE0006483A0 /* Project object */;
			proxyType = 1;
			remoteGlobalIDString = 1E500D8428606FE0006483A0;
			remoteInfo = "Learning-Reactive";
		};
/* End PBXContainerItemProxy section */

/* Begin PBXFileReference section */
		1E500D8528606FE0006483A0 /* Learning-Reactive.app */ = {isa = PBXFileReference; explicitFileType = wrapper.application; includeInIndex = 0; path = "Learning-Reactive.app"; sourceTree = BUILT_PRODUCTS_DIR; };
		1E500D8828606FE0006483A0 /* AppDelegate.swift */ = {isa = PBXFileReference; lastKnownFileType = sourcecode.swift; path = AppDelegate.swift; sourceTree = "<group>"; };
		1E500D8A28606FE0006483A0 /* SceneDelegate.swift */ = {isa = PBXFileReference; lastKnownFileType = sourcecode.swift; path = SceneDelegate.swift; sourceTree = "<group>"; };
		1E500D8C28606FE0006483A0 /* MainViewController.swift */ = {isa = PBXFileReference; lastKnownFileType = sourcecode.swift; path = MainViewController.swift; sourceTree = "<group>"; };
		1E500D8F28606FE0006483A0 /* Base */ = {isa = PBXFileReference; lastKnownFileType = file.storyboard; name = Base; path = Base.lproj/Main.storyboard; sourceTree = "<group>"; };
		1E500D9128606FE1006483A0 /* Assets.xcassets */ = {isa = PBXFileReference; lastKnownFileType = folder.assetcatalog; path = Assets.xcassets; sourceTree = "<group>"; };
		1E500D9428606FE1006483A0 /* Base */ = {isa = PBXFileReference; lastKnownFileType = file.storyboard; name = Base; path = Base.lproj/LaunchScreen.storyboard; sourceTree = "<group>"; };
		1E500D9628606FE1006483A0 /* Info.plist */ = {isa = PBXFileReference; lastKnownFileType = text.plist.xml; path = Info.plist; sourceTree = "<group>"; };
		1E500D9B28606FE2006483A0 /* Learning-ReactiveTests.xctest */ = {isa = PBXFileReference; explicitFileType = wrapper.cfbundle; includeInIndex = 0; path = "Learning-ReactiveTests.xctest"; sourceTree = BUILT_PRODUCTS_DIR; };
		1E500D9F28606FE2006483A0 /* Learning_ReactiveTests.swift */ = {isa = PBXFileReference; lastKnownFileType = sourcecode.swift; path = Learning_ReactiveTests.swift; sourceTree = "<group>"; };
		1E500DA528606FE2006483A0 /* Learning-ReactiveUITests.xctest */ = {isa = PBXFileReference; explicitFileType = wrapper.cfbundle; includeInIndex = 0; path = "Learning-ReactiveUITests.xctest"; sourceTree = BUILT_PRODUCTS_DIR; };
		1E500DA928606FE2006483A0 /* Learning_ReactiveUITests.swift */ = {isa = PBXFileReference; lastKnownFileType = sourcecode.swift; path = Learning_ReactiveUITests.swift; sourceTree = "<group>"; };
		1E500DAB28606FE2006483A0 /* Learning_ReactiveUITestsLaunchTests.swift */ = {isa = PBXFileReference; lastKnownFileType = sourcecode.swift; path = Learning_ReactiveUITestsLaunchTests.swift; sourceTree = "<group>"; };
		1E500DBC286078BC006483A0 /* ThaiDigitViewController.swift */ = {isa = PBXFileReference; lastKnownFileType = sourcecode.swift; path = ThaiDigitViewController.swift; sourceTree = "<group>"; };
		1E500DC128607915006483A0 /* MainViewModel.swift */ = {isa = PBXFileReference; lastKnownFileType = sourcecode.swift; path = MainViewModel.swift; sourceTree = "<group>"; };
		1E500DC328607927006483A0 /* Module.swift */ = {isa = PBXFileReference; lastKnownFileType = sourcecode.swift; path = Module.swift; sourceTree = "<group>"; };
		1E500DC628607C3D006483A0 /* Constants.swift */ = {isa = PBXFileReference; lastKnownFileType = sourcecode.swift; path = Constants.swift; sourceTree = "<group>"; };
		3875886B0AA8D7F8EA45893A /* Pods-Learning-Reactive.debug.xcconfig */ = {isa = PBXFileReference; includeInIndex = 1; lastKnownFileType = text.xcconfig; name = "Pods-Learning-Reactive.debug.xcconfig"; path = "Target Support Files/Pods-Learning-Reactive/Pods-Learning-Reactive.debug.xcconfig"; sourceTree = "<group>"; };
		4BBE8CDE7A94CB15DC52F614 /* Pods_Learning_ReactiveTests.framework */ = {isa = PBXFileReference; explicitFileType = wrapper.framework; includeInIndex = 0; path = Pods_Learning_ReactiveTests.framework; sourceTree = BUILT_PRODUCTS_DIR; };
		554F667A3B53824B780245A6 /* Pods_Learning_Reactive.framework */ = {isa = PBXFileReference; explicitFileType = wrapper.framework; includeInIndex = 0; path = Pods_Learning_Reactive.framework; sourceTree = BUILT_PRODUCTS_DIR; };
		63EEA588A59B85C7B73A6EC6 /* Pods-Learning-Reactive-Learning-ReactiveUITests.debug.xcconfig */ = {isa = PBXFileReference; includeInIndex = 1; lastKnownFileType = text.xcconfig; name = "Pods-Learning-Reactive-Learning-ReactiveUITests.debug.xcconfig"; path = "Target Support Files/Pods-Learning-Reactive-Learning-ReactiveUITests/Pods-Learning-Reactive-Learning-ReactiveUITests.debug.xcconfig"; sourceTree = "<group>"; };
		7F8178196699CF331E5C76CA /* Pods-Learning-Reactive.release.xcconfig */ = {isa = PBXFileReference; includeInIndex = 1; lastKnownFileType = text.xcconfig; name = "Pods-Learning-Reactive.release.xcconfig"; path = "Target Support Files/Pods-Learning-Reactive/Pods-Learning-Reactive.release.xcconfig"; sourceTree = "<group>"; };
		9ECF3CE1431F9C0DF32356C7 /* Pods-Learning-Reactive-Learning-ReactiveUITests.release.xcconfig */ = {isa = PBXFileReference; includeInIndex = 1; lastKnownFileType = text.xcconfig; name = "Pods-Learning-Reactive-Learning-ReactiveUITests.release.xcconfig"; path = "Target Support Files/Pods-Learning-Reactive-Learning-ReactiveUITests/Pods-Learning-Reactive-Learning-ReactiveUITests.release.xcconfig"; sourceTree = "<group>"; };
		A93EE09562FB2A7499864A3B /* Pods-Learning-ReactiveTests.release.xcconfig */ = {isa = PBXFileReference; includeInIndex = 1; lastKnownFileType = text.xcconfig; name = "Pods-Learning-ReactiveTests.release.xcconfig"; path = "Target Support Files/Pods-Learning-ReactiveTests/Pods-Learning-ReactiveTests.release.xcconfig"; sourceTree = "<group>"; };
		DB8923BD3EAB046D3608110B /* Pods_Learning_Reactive_Learning_ReactiveUITests.framework */ = {isa = PBXFileReference; explicitFileType = wrapper.framework; includeInIndex = 0; path = Pods_Learning_Reactive_Learning_ReactiveUITests.framework; sourceTree = BUILT_PRODUCTS_DIR; };
		EB7BD5C400A31692B33EB6D4 /* Pods-Learning-ReactiveTests.debug.xcconfig */ = {isa = PBXFileReference; includeInIndex = 1; lastKnownFileType = text.xcconfig; name = "Pods-Learning-ReactiveTests.debug.xcconfig"; path = "Target Support Files/Pods-Learning-ReactiveTests/Pods-Learning-ReactiveTests.debug.xcconfig"; sourceTree = "<group>"; };
/* End PBXFileReference section */

/* Begin PBXFrameworksBuildPhase section */
		1E500D8228606FE0006483A0 /* Frameworks */ = {
			isa = PBXFrameworksBuildPhase;
			buildActionMask = 2147483647;
			files = (
				0AE9A8FAE3AC89B1A4B38FDF /* Pods_Learning_Reactive.framework in Frameworks */,
			);
			runOnlyForDeploymentPostprocessing = 0;
		};
		1E500D9828606FE2006483A0 /* Frameworks */ = {
			isa = PBXFrameworksBuildPhase;
			buildActionMask = 2147483647;
			files = (
				6E20D22DD17F3969F62EBB35 /* Pods_Learning_ReactiveTests.framework in Frameworks */,
			);
			runOnlyForDeploymentPostprocessing = 0;
		};
		1E500DA228606FE2006483A0 /* Frameworks */ = {
			isa = PBXFrameworksBuildPhase;
			buildActionMask = 2147483647;
			files = (
				DEDD9DADC1ACA35D35387E85 /* Pods_Learning_Reactive_Learning_ReactiveUITests.framework in Frameworks */,
			);
			runOnlyForDeploymentPostprocessing = 0;
		};
/* End PBXFrameworksBuildPhase section */

/* Begin PBXGroup section */
		1E500D7C28606FE0006483A0 = {
			isa = PBXGroup;
			children = (
				1E500D8728606FE0006483A0 /* Learning-Reactive */,
				1E500D9E28606FE2006483A0 /* Learning-ReactiveTests */,
				1E500DA828606FE2006483A0 /* Learning-ReactiveUITests */,
				1E500D8628606FE0006483A0 /* Products */,
				47D0BDEB2C95D9D6FF6FB7D0 /* Pods */,
				3A0520074D52DE27D8DF522C /* Frameworks */,
			);
			sourceTree = "<group>";
		};
		1E500D8628606FE0006483A0 /* Products */ = {
			isa = PBXGroup;
			children = (
				1E500D8528606FE0006483A0 /* Learning-Reactive.app */,
				1E500D9B28606FE2006483A0 /* Learning-ReactiveTests.xctest */,
				1E500DA528606FE2006483A0 /* Learning-ReactiveUITests.xctest */,
			);
			name = Products;
			sourceTree = "<group>";
		};
		1E500D8728606FE0006483A0 /* Learning-Reactive */ = {
			isa = PBXGroup;
			children = (
				1E500DC528607C2E006483A0 /* Utilities */,
				1E500DB82860770B006483A0 /* Screens */,
				1E500D8828606FE0006483A0 /* AppDelegate.swift */,
				1E500D8A28606FE0006483A0 /* SceneDelegate.swift */,
				1E500D8E28606FE0006483A0 /* Main.storyboard */,
				1E500D9128606FE1006483A0 /* Assets.xcassets */,
				1E500D9328606FE1006483A0 /* LaunchScreen.storyboard */,
				1E500D9628606FE1006483A0 /* Info.plist */,
			);
			path = "Learning-Reactive";
			sourceTree = "<group>";
		};
		1E500D9E28606FE2006483A0 /* Learning-ReactiveTests */ = {
			isa = PBXGroup;
			children = (
				1E500D9F28606FE2006483A0 /* Learning_ReactiveTests.swift */,
			);
			path = "Learning-ReactiveTests";
			sourceTree = "<group>";
		};
		1E500DA828606FE2006483A0 /* Learning-ReactiveUITests */ = {
			isa = PBXGroup;
			children = (
				1E500DA928606FE2006483A0 /* Learning_ReactiveUITests.swift */,
				1E500DAB28606FE2006483A0 /* Learning_ReactiveUITestsLaunchTests.swift */,
			);
			path = "Learning-ReactiveUITests";
			sourceTree = "<group>";
		};
		1E500DB82860770B006483A0 /* Screens */ = {
			isa = PBXGroup;
			children = (
				1E500DBA2860788D006483A0 /* ThaiDigit */,
				1E500DB928607719006483A0 /* Main */,
			);
			path = Screens;
			sourceTree = "<group>";
		};
		1E500DB928607719006483A0 /* Main */ = {
			isa = PBXGroup;
			children = (
				1E500DC0286078F4006483A0 /* ViewModel */,
				1E500DBF286078E9006483A0 /* Model */,
				1E500DBE286078C3006483A0 /* View */,
			);
			path = Main;
			sourceTree = "<group>";
		};
		1E500DBA2860788D006483A0 /* ThaiDigit */ = {
			isa = PBXGroup;
			children = (
				1E500DBB286078AC006483A0 /* View */,
			);
			path = ThaiDigit;
			sourceTree = "<group>";
		};
		1E500DBB286078AC006483A0 /* View */ = {
			isa = PBXGroup;
			children = (
				1E500DBC286078BC006483A0 /* ThaiDigitViewController.swift */,
			);
			path = View;
			sourceTree = "<group>";
		};
		1E500DBE286078C3006483A0 /* View */ = {
			isa = PBXGroup;
			children = (
				1E500D8C28606FE0006483A0 /* MainViewController.swift */,
			);
			path = View;
			sourceTree = "<group>";
		};
		1E500DBF286078E9006483A0 /* Model */ = {
			isa = PBXGroup;
			children = (
				1E500DC328607927006483A0 /* Module.swift */,
			);
			path = Model;
			sourceTree = "<group>";
		};
		1E500DC0286078F4006483A0 /* ViewModel */ = {
			isa = PBXGroup;
			children = (
				1E500DC128607915006483A0 /* MainViewModel.swift */,
			);
			path = ViewModel;
			sourceTree = "<group>";
		};
		1E500DC528607C2E006483A0 /* Utilities */ = {
			isa = PBXGroup;
			children = (
				1E500DC628607C3D006483A0 /* Constants.swift */,
			);
			path = Utilities;
			sourceTree = "<group>";
		};
		3A0520074D52DE27D8DF522C /* Frameworks */ = {
			isa = PBXGroup;
			children = (
				554F667A3B53824B780245A6 /* Pods_Learning_Reactive.framework */,
				DB8923BD3EAB046D3608110B /* Pods_Learning_Reactive_Learning_ReactiveUITests.framework */,
				4BBE8CDE7A94CB15DC52F614 /* Pods_Learning_ReactiveTests.framework */,
			);
			name = Frameworks;
			sourceTree = "<group>";
		};
		47D0BDEB2C95D9D6FF6FB7D0 /* Pods */ = {
			isa = PBXGroup;
			children = (
				3875886B0AA8D7F8EA45893A /* Pods-Learning-Reactive.debug.xcconfig */,
				7F8178196699CF331E5C76CA /* Pods-Learning-Reactive.release.xcconfig */,
				63EEA588A59B85C7B73A6EC6 /* Pods-Learning-Reactive-Learning-ReactiveUITests.debug.xcconfig */,
				9ECF3CE1431F9C0DF32356C7 /* Pods-Learning-Reactive-Learning-ReactiveUITests.release.xcconfig */,
				EB7BD5C400A31692B33EB6D4 /* Pods-Learning-ReactiveTests.debug.xcconfig */,
				A93EE09562FB2A7499864A3B /* Pods-Learning-ReactiveTests.release.xcconfig */,
			);
			name = Pods;
			path = Pods;
			sourceTree = "<group>";
		};
/* End PBXGroup section */

/* Begin PBXNativeTarget section */
		1E500D8428606FE0006483A0 /* Learning-Reactive */ = {
			isa = PBXNativeTarget;
			buildConfigurationList = 1E500DAF28606FE2006483A0 /* Build configuration list for PBXNativeTarget "Learning-Reactive" */;
			buildPhases = (
				9E249FD09F3F8896334A2F18 /* [CP] Check Pods Manifest.lock */,
				1E500D8128606FE0006483A0 /* Sources */,
				1E500D8228606FE0006483A0 /* Frameworks */,
				1E500D8328606FE0006483A0 /* Resources */,
				C3BA7033BA386368C2180FF5 /* [CP] Embed Pods Frameworks */,
			);
			buildRules = (
			);
			dependencies = (
			);
			name = "Learning-Reactive";
			productName = "Learning-Reactive";
			productReference = 1E500D8528606FE0006483A0 /* Learning-Reactive.app */;
			productType = "com.apple.product-type.application";
		};
		1E500D9A28606FE2006483A0 /* Learning-ReactiveTests */ = {
			isa = PBXNativeTarget;
			buildConfigurationList = 1E500DB228606FE2006483A0 /* Build configuration list for PBXNativeTarget "Learning-ReactiveTests" */;
			buildPhases = (
				966CC4ED24FFC104AE68B21E /* [CP] Check Pods Manifest.lock */,
				1E500D9728606FE2006483A0 /* Sources */,
				1E500D9828606FE2006483A0 /* Frameworks */,
				1E500D9928606FE2006483A0 /* Resources */,
			);
			buildRules = (
			);
			dependencies = (
				1E500D9D28606FE2006483A0 /* PBXTargetDependency */,
			);
			name = "Learning-ReactiveTests";
			productName = "Learning-ReactiveTests";
			productReference = 1E500D9B28606FE2006483A0 /* Learning-ReactiveTests.xctest */;
			productType = "com.apple.product-type.bundle.unit-test";
		};
		1E500DA428606FE2006483A0 /* Learning-ReactiveUITests */ = {
			isa = PBXNativeTarget;
			buildConfigurationList = 1E500DB528606FE2006483A0 /* Build configuration list for PBXNativeTarget "Learning-ReactiveUITests" */;
			buildPhases = (
				7BA0B95BCD96C3E2585C7A93 /* [CP] Check Pods Manifest.lock */,
				1E500DA128606FE2006483A0 /* Sources */,
				1E500DA228606FE2006483A0 /* Frameworks */,
				1E500DA328606FE2006483A0 /* Resources */,
				45F36EB1862D7E572E873B9D /* [CP] Embed Pods Frameworks */,
			);
			buildRules = (
			);
			dependencies = (
				1E500DA728606FE2006483A0 /* PBXTargetDependency */,
			);
			name = "Learning-ReactiveUITests";
			productName = "Learning-ReactiveUITests";
			productReference = 1E500DA528606FE2006483A0 /* Learning-ReactiveUITests.xctest */;
			productType = "com.apple.product-type.bundle.ui-testing";
		};
/* End PBXNativeTarget section */

/* Begin PBXProject section */
		1E500D7D28606FE0006483A0 /* Project object */ = {
			isa = PBXProject;
			attributes = {
				BuildIndependentTargetsInParallel = 1;
				LastSwiftUpdateCheck = 1340;
				LastUpgradeCheck = 1340;
				TargetAttributes = {
					1E500D8428606FE0006483A0 = {
						CreatedOnToolsVersion = 13.4.1;
					};
					1E500D9A28606FE2006483A0 = {
						CreatedOnToolsVersion = 13.4.1;
						TestTargetID = 1E500D8428606FE0006483A0;
					};
					1E500DA428606FE2006483A0 = {
						CreatedOnToolsVersion = 13.4.1;
						TestTargetID = 1E500D8428606FE0006483A0;
					};
				};
			};
			buildConfigurationList = 1E500D8028606FE0006483A0 /* Build configuration list for PBXProject "Learning-Reactive" */;
			compatibilityVersion = "Xcode 13.0";
			developmentRegion = en;
			hasScannedForEncodings = 0;
			knownRegions = (
				en,
				Base,
			);
			mainGroup = 1E500D7C28606FE0006483A0;
			productRefGroup = 1E500D8628606FE0006483A0 /* Products */;
			projectDirPath = "";
			projectRoot = "";
			targets = (
				1E500D8428606FE0006483A0 /* Learning-Reactive */,
				1E500D9A28606FE2006483A0 /* Learning-ReactiveTests */,
				1E500DA428606FE2006483A0 /* Learning-ReactiveUITests */,
			);
		};
/* End PBXProject section */

/* Begin PBXResourcesBuildPhase section */
		1E500D8328606FE0006483A0 /* Resources */ = {
			isa = PBXResourcesBuildPhase;
			buildActionMask = 2147483647;
			files = (
				1E500D9528606FE1006483A0 /* LaunchScreen.storyboard in Resources */,
				1E500D9228606FE1006483A0 /* Assets.xcassets in Resources */,
				1E500D9028606FE0006483A0 /* Main.storyboard in Resources */,
			);
			runOnlyForDeploymentPostprocessing = 0;
		};
		1E500D9928606FE2006483A0 /* Resources */ = {
			isa = PBXResourcesBuildPhase;
			buildActionMask = 2147483647;
			files = (
			);
			runOnlyForDeploymentPostprocessing = 0;
		};
		1E500DA328606FE2006483A0 /* Resources */ = {
			isa = PBXResourcesBuildPhase;
			buildActionMask = 2147483647;
			files = (
			);
			runOnlyForDeploymentPostprocessing = 0;
		};
/* End PBXResourcesBuildPhase section */

/* Begin PBXShellScriptBuildPhase section */
		45F36EB1862D7E572E873B9D /* [CP] Embed Pods Frameworks */ = {
			isa = PBXShellScriptBuildPhase;
			buildActionMask = 2147483647;
			files = (
			);
			inputFileListPaths = (
				"${PODS_ROOT}/Target Support Files/Pods-Learning-Reactive-Learning-ReactiveUITests/Pods-Learning-Reactive-Learning-ReactiveUITests-frameworks-${CONFIGURATION}-input-files.xcfilelist",
			);
			name = "[CP] Embed Pods Frameworks";
			outputFileListPaths = (
				"${PODS_ROOT}/Target Support Files/Pods-Learning-Reactive-Learning-ReactiveUITests/Pods-Learning-Reactive-Learning-ReactiveUITests-frameworks-${CONFIGURATION}-output-files.xcfilelist",
			);
			runOnlyForDeploymentPostprocessing = 0;
			shellPath = /bin/sh;
			shellScript = "\"${PODS_ROOT}/Target Support Files/Pods-Learning-Reactive-Learning-ReactiveUITests/Pods-Learning-Reactive-Learning-ReactiveUITests-frameworks.sh\"\n";
			showEnvVarsInLog = 0;
		};
		7BA0B95BCD96C3E2585C7A93 /* [CP] Check Pods Manifest.lock */ = {
			isa = PBXShellScriptBuildPhase;
			buildActionMask = 2147483647;
			files = (
			);
			inputFileListPaths = (
			);
			inputPaths = (
				"${PODS_PODFILE_DIR_PATH}/Podfile.lock",
				"${PODS_ROOT}/Manifest.lock",
			);
			name = "[CP] Check Pods Manifest.lock";
			outputFileListPaths = (
			);
			outputPaths = (
				"$(DERIVED_FILE_DIR)/Pods-Learning-Reactive-Learning-ReactiveUITests-checkManifestLockResult.txt",
			);
			runOnlyForDeploymentPostprocessing = 0;
			shellPath = /bin/sh;
			shellScript = "diff \"${PODS_PODFILE_DIR_PATH}/Podfile.lock\" \"${PODS_ROOT}/Manifest.lock\" > /dev/null\nif [ $? != 0 ] ; then\n    # print error to STDERR\n    echo \"error: The sandbox is not in sync with the Podfile.lock. Run 'pod install' or update your CocoaPods installation.\" >&2\n    exit 1\nfi\n# This output is used by Xcode 'outputs' to avoid re-running this script phase.\necho \"SUCCESS\" > \"${SCRIPT_OUTPUT_FILE_0}\"\n";
			showEnvVarsInLog = 0;
		};
		966CC4ED24FFC104AE68B21E /* [CP] Check Pods Manifest.lock */ = {
			isa = PBXShellScriptBuildPhase;
			buildActionMask = 2147483647;
			files = (
			);
			inputFileListPaths = (
			);
			inputPaths = (
				"${PODS_PODFILE_DIR_PATH}/Podfile.lock",
				"${PODS_ROOT}/Manifest.lock",
			);
			name = "[CP] Check Pods Manifest.lock";
			outputFileListPaths = (
			);
			outputPaths = (
				"$(DERIVED_FILE_DIR)/Pods-Learning-ReactiveTests-checkManifestLockResult.txt",
			);
			runOnlyForDeploymentPostprocessing = 0;
			shellPath = /bin/sh;
			shellScript = "diff \"${PODS_PODFILE_DIR_PATH}/Podfile.lock\" \"${PODS_ROOT}/Manifest.lock\" > /dev/null\nif [ $? != 0 ] ; then\n    # print error to STDERR\n    echo \"error: The sandbox is not in sync with the Podfile.lock. Run 'pod install' or update your CocoaPods installation.\" >&2\n    exit 1\nfi\n# This output is used by Xcode 'outputs' to avoid re-running this script phase.\necho \"SUCCESS\" > \"${SCRIPT_OUTPUT_FILE_0}\"\n";
			showEnvVarsInLog = 0;
		};
		9E249FD09F3F8896334A2F18 /* [CP] Check Pods Manifest.lock */ = {
			isa = PBXShellScriptBuildPhase;
			buildActionMask = 2147483647;
			files = (
			);
			inputFileListPaths = (
			);
			inputPaths = (
				"${PODS_PODFILE_DIR_PATH}/Podfile.lock",
				"${PODS_ROOT}/Manifest.lock",
			);
			name = "[CP] Check Pods Manifest.lock";
			outputFileListPaths = (
			);
			outputPaths = (
				"$(DERIVED_FILE_DIR)/Pods-Learning-Reactive-checkManifestLockResult.txt",
			);
			runOnlyForDeploymentPostprocessing = 0;
			shellPath = /bin/sh;
			shellScript = "diff \"${PODS_PODFILE_DIR_PATH}/Podfile.lock\" \"${PODS_ROOT}/Manifest.lock\" > /dev/null\nif [ $? != 0 ] ; then\n    # print error to STDERR\n    echo \"error: The sandbox is not in sync with the Podfile.lock. Run 'pod install' or update your CocoaPods installation.\" >&2\n    exit 1\nfi\n# This output is used by Xcode 'outputs' to avoid re-running this script phase.\necho \"SUCCESS\" > \"${SCRIPT_OUTPUT_FILE_0}\"\n";
			showEnvVarsInLog = 0;
		};
		C3BA7033BA386368C2180FF5 /* [CP] Embed Pods Frameworks */ = {
			isa = PBXShellScriptBuildPhase;
			buildActionMask = 2147483647;
			files = (
			);
			inputFileListPaths = (
				"${PODS_ROOT}/Target Support Files/Pods-Learning-Reactive/Pods-Learning-Reactive-frameworks-${CONFIGURATION}-input-files.xcfilelist",
			);
			name = "[CP] Embed Pods Frameworks";
			outputFileListPaths = (
				"${PODS_ROOT}/Target Support Files/Pods-Learning-Reactive/Pods-Learning-Reactive-frameworks-${CONFIGURATION}-output-files.xcfilelist",
			);
			runOnlyForDeploymentPostprocessing = 0;
			shellPath = /bin/sh;
			shellScript = "\"${PODS_ROOT}/Target Support Files/Pods-Learning-Reactive/Pods-Learning-Reactive-frameworks.sh\"\n";
			showEnvVarsInLog = 0;
		};
/* End PBXShellScriptBuildPhase section */

/* Begin PBXSourcesBuildPhase section */
		1E500D8128606FE0006483A0 /* Sources */ = {
			isa = PBXSourcesBuildPhase;
			buildActionMask = 2147483647;
			files = (
				1E500DC228607915006483A0 /* MainViewModel.swift in Sources */,
				1E500D8D28606FE0006483A0 /* MainViewController.swift in Sources */,
				1E500D8928606FE0006483A0 /* AppDelegate.swift in Sources */,
				1E500DBD286078BC006483A0 /* ThaiDigitViewController.swift in Sources */,
				1E500DC728607C3D006483A0 /* Constants.swift in Sources */,
				1E500D8B28606FE0006483A0 /* SceneDelegate.swift in Sources */,
				1E500DC428607927006483A0 /* Module.swift in Sources */,
			);
			runOnlyForDeploymentPostprocessing = 0;
		};
		1E500D9728606FE2006483A0 /* Sources */ = {
			isa = PBXSourcesBuildPhase;
			buildActionMask = 2147483647;
			files = (
				1E500DA028606FE2006483A0 /* Learning_ReactiveTests.swift in Sources */,
			);
			runOnlyForDeploymentPostprocessing = 0;
		};
		1E500DA128606FE2006483A0 /* Sources */ = {
			isa = PBXSourcesBuildPhase;
			buildActionMask = 2147483647;
			files = (
				1E500DAA28606FE2006483A0 /* Learning_ReactiveUITests.swift in Sources */,
				1E500DAC28606FE2006483A0 /* Learning_ReactiveUITestsLaunchTests.swift in Sources */,
			);
			runOnlyForDeploymentPostprocessing = 0;
		};
/* End PBXSourcesBuildPhase section */

/* Begin PBXTargetDependency section */
		1E500D9D28606FE2006483A0 /* PBXTargetDependency */ = {
			isa = PBXTargetDependency;
			target = 1E500D8428606FE0006483A0 /* Learning-Reactive */;
			targetProxy = 1E500D9C28606FE2006483A0 /* PBXContainerItemProxy */;
		};
		1E500DA728606FE2006483A0 /* PBXTargetDependency */ = {
			isa = PBXTargetDependency;
			target = 1E500D8428606FE0006483A0 /* Learning-Reactive */;
			targetProxy = 1E500DA628606FE2006483A0 /* PBXContainerItemProxy */;
		};
/* End PBXTargetDependency section */

/* Begin PBXVariantGroup section */
		1E500D8E28606FE0006483A0 /* Main.storyboard */ = {
			isa = PBXVariantGroup;
			children = (
				1E500D8F28606FE0006483A0 /* Base */,
			);
			name = Main.storyboard;
			sourceTree = "<group>";
		};
		1E500D9328606FE1006483A0 /* LaunchScreen.storyboard */ = {
			isa = PBXVariantGroup;
			children = (
				1E500D9428606FE1006483A0 /* Base */,
			);
			name = LaunchScreen.storyboard;
			sourceTree = "<group>";
		};
/* End PBXVariantGroup section */

/* Begin XCBuildConfiguration section */
		1E500DAD28606FE2006483A0 /* Debug */ = {
			isa = XCBuildConfiguration;
			buildSettings = {
				ALWAYS_SEARCH_USER_PATHS = NO;
				CLANG_ANALYZER_NONNULL = YES;
				CLANG_ANALYZER_NUMBER_OBJECT_CONVERSION = YES_AGGRESSIVE;
				CLANG_CXX_LANGUAGE_STANDARD = "gnu++17";
				CLANG_ENABLE_MODULES = YES;
				CLANG_ENABLE_OBJC_ARC = YES;
				CLANG_ENABLE_OBJC_WEAK = YES;
				CLANG_WARN_BLOCK_CAPTURE_AUTORELEASING = YES;
				CLANG_WARN_BOOL_CONVERSION = YES;
				CLANG_WARN_COMMA = YES;
				CLANG_WARN_CONSTANT_CONVERSION = YES;
				CLANG_WARN_DEPRECATED_OBJC_IMPLEMENTATIONS = YES;
				CLANG_WARN_DIRECT_OBJC_ISA_USAGE = YES_ERROR;
				CLANG_WARN_DOCUMENTATION_COMMENTS = YES;
				CLANG_WARN_EMPTY_BODY = YES;
				CLANG_WARN_ENUM_CONVERSION = YES;
				CLANG_WARN_INFINITE_RECURSION = YES;
				CLANG_WARN_INT_CONVERSION = YES;
				CLANG_WARN_NON_LITERAL_NULL_CONVERSION = YES;
				CLANG_WARN_OBJC_IMPLICIT_RETAIN_SELF = YES;
				CLANG_WARN_OBJC_LITERAL_CONVERSION = YES;
				CLANG_WARN_OBJC_ROOT_CLASS = YES_ERROR;
				CLANG_WARN_QUOTED_INCLUDE_IN_FRAMEWORK_HEADER = YES;
				CLANG_WARN_RANGE_LOOP_ANALYSIS = YES;
				CLANG_WARN_STRICT_PROTOTYPES = YES;
				CLANG_WARN_SUSPICIOUS_MOVE = YES;
				CLANG_WARN_UNGUARDED_AVAILABILITY = YES_AGGRESSIVE;
				CLANG_WARN_UNREACHABLE_CODE = YES;
				CLANG_WARN__DUPLICATE_METHOD_MATCH = YES;
				COPY_PHASE_STRIP = NO;
				DEBUG_INFORMATION_FORMAT = dwarf;
				ENABLE_STRICT_OBJC_MSGSEND = YES;
				ENABLE_TESTABILITY = YES;
				GCC_C_LANGUAGE_STANDARD = gnu11;
				GCC_DYNAMIC_NO_PIC = NO;
				GCC_NO_COMMON_BLOCKS = YES;
				GCC_OPTIMIZATION_LEVEL = 0;
				GCC_PREPROCESSOR_DEFINITIONS = (
					"DEBUG=1",
					"$(inherited)",
				);
				GCC_WARN_64_TO_32_BIT_CONVERSION = YES;
				GCC_WARN_ABOUT_RETURN_TYPE = YES_ERROR;
				GCC_WARN_UNDECLARED_SELECTOR = YES;
				GCC_WARN_UNINITIALIZED_AUTOS = YES_AGGRESSIVE;
				GCC_WARN_UNUSED_FUNCTION = YES;
				GCC_WARN_UNUSED_VARIABLE = YES;
				IPHONEOS_DEPLOYMENT_TARGET = 15.5;
				MTL_ENABLE_DEBUG_INFO = INCLUDE_SOURCE;
				MTL_FAST_MATH = YES;
				ONLY_ACTIVE_ARCH = YES;
				SDKROOT = iphoneos;
				SWIFT_ACTIVE_COMPILATION_CONDITIONS = DEBUG;
				SWIFT_OPTIMIZATION_LEVEL = "-Onone";
			};
			name = Debug;
		};
		1E500DAE28606FE2006483A0 /* Release */ = {
			isa = XCBuildConfiguration;
			buildSettings = {
				ALWAYS_SEARCH_USER_PATHS = NO;
				CLANG_ANALYZER_NONNULL = YES;
				CLANG_ANALYZER_NUMBER_OBJECT_CONVERSION = YES_AGGRESSIVE;
				CLANG_CXX_LANGUAGE_STANDARD = "gnu++17";
				CLANG_ENABLE_MODULES = YES;
				CLANG_ENABLE_OBJC_ARC = YES;
				CLANG_ENABLE_OBJC_WEAK = YES;
				CLANG_WARN_BLOCK_CAPTURE_AUTORELEASING = YES;
				CLANG_WARN_BOOL_CONVERSION = YES;
				CLANG_WARN_COMMA = YES;
				CLANG_WARN_CONSTANT_CONVERSION = YES;
				CLANG_WARN_DEPRECATED_OBJC_IMPLEMENTATIONS = YES;
				CLANG_WARN_DIRECT_OBJC_ISA_USAGE = YES_ERROR;
				CLANG_WARN_DOCUMENTATION_COMMENTS = YES;
				CLANG_WARN_EMPTY_BODY = YES;
				CLANG_WARN_ENUM_CONVERSION = YES;
				CLANG_WARN_INFINITE_RECURSION = YES;
				CLANG_WARN_INT_CONVERSION = YES;
				CLANG_WARN_NON_LITERAL_NULL_CONVERSION = YES;
				CLANG_WARN_OBJC_IMPLICIT_RETAIN_SELF = YES;
				CLANG_WARN_OBJC_LITERAL_CONVERSION = YES;
				CLANG_WARN_OBJC_ROOT_CLASS = YES_ERROR;
				CLANG_WARN_QUOTED_INCLUDE_IN_FRAMEWORK_HEADER = YES;
				CLANG_WARN_RANGE_LOOP_ANALYSIS = YES;
				CLANG_WARN_STRICT_PROTOTYPES = YES;
				CLANG_WARN_SUSPICIOUS_MOVE = YES;
				CLANG_WARN_UNGUARDED_AVAILABILITY = YES_AGGRESSIVE;
				CLANG_WARN_UNREACHABLE_CODE = YES;
				CLANG_WARN__DUPLICATE_METHOD_MATCH = YES;
				COPY_PHASE_STRIP = NO;
				DEBUG_INFORMATION_FORMAT = "dwarf-with-dsym";
				ENABLE_NS_ASSERTIONS = NO;
				ENABLE_STRICT_OBJC_MSGSEND = YES;
				GCC_C_LANGUAGE_STANDARD = gnu11;
				GCC_NO_COMMON_BLOCKS = YES;
				GCC_WARN_64_TO_32_BIT_CONVERSION = YES;
				GCC_WARN_ABOUT_RETURN_TYPE = YES_ERROR;
				GCC_WARN_UNDECLARED_SELECTOR = YES;
				GCC_WARN_UNINITIALIZED_AUTOS = YES_AGGRESSIVE;
				GCC_WARN_UNUSED_FUNCTION = YES;
				GCC_WARN_UNUSED_VARIABLE = YES;
				IPHONEOS_DEPLOYMENT_TARGET = 15.5;
				MTL_ENABLE_DEBUG_INFO = NO;
				MTL_FAST_MATH = YES;
				SDKROOT = iphoneos;
				SWIFT_COMPILATION_MODE = wholemodule;
				SWIFT_OPTIMIZATION_LEVEL = "-O";
				VALIDATE_PRODUCT = YES;
			};
			name = Release;
		};
		1E500DB028606FE2006483A0 /* Debug */ = {
			isa = XCBuildConfiguration;
			baseConfigurationReference = 3875886B0AA8D7F8EA45893A /* Pods-Learning-Reactive.debug.xcconfig */;
			buildSettings = {
				ASSETCATALOG_COMPILER_APPICON_NAME = AppIcon;
				ASSETCATALOG_COMPILER_GLOBAL_ACCENT_COLOR_NAME = AccentColor;
				CODE_SIGN_STYLE = Automatic;
				CURRENT_PROJECT_VERSION = 1;
				DEVELOPMENT_TEAM = A2DNT83345;
				GENERATE_INFOPLIST_FILE = YES;
				INFOPLIST_FILE = "Learning-Reactive/Info.plist";
				INFOPLIST_KEY_UIApplicationSupportsIndirectInputEvents = YES;
				INFOPLIST_KEY_UILaunchStoryboardName = LaunchScreen;
				INFOPLIST_KEY_UIMainStoryboardFile = Main;
				INFOPLIST_KEY_UISupportedInterfaceOrientations_iPad = "UIInterfaceOrientationPortrait UIInterfaceOrientationPortraitUpsideDown UIInterfaceOrientationLandscapeLeft UIInterfaceOrientationLandscapeRight";
				INFOPLIST_KEY_UISupportedInterfaceOrientations_iPhone = "UIInterfaceOrientationPortrait UIInterfaceOrientationLandscapeLeft UIInterfaceOrientationLandscapeRight";
				LD_RUNPATH_SEARCH_PATHS = (
					"$(inherited)",
					"@executable_path/Frameworks",
				);
				MARKETING_VERSION = 1.0;
				PRODUCT_BUNDLE_IDENTIFIER = "com.nnininnine.Learning-Reactive";
				PRODUCT_NAME = "$(TARGET_NAME)";
				SWIFT_EMIT_LOC_STRINGS = YES;
				SWIFT_VERSION = 5.0;
				TARGETED_DEVICE_FAMILY = "1,2";
			};
			name = Debug;
		};
		1E500DB128606FE2006483A0 /* Release */ = {
			isa = XCBuildConfiguration;
			baseConfigurationReference = 7F8178196699CF331E5C76CA /* Pods-Learning-Reactive.release.xcconfig */;
			buildSettings = {
				ASSETCATALOG_COMPILER_APPICON_NAME = AppIcon;
				ASSETCATALOG_COMPILER_GLOBAL_ACCENT_COLOR_NAME = AccentColor;
				CODE_SIGN_STYLE = Automatic;
				CURRENT_PROJECT_VERSION = 1;
				DEVELOPMENT_TEAM = A2DNT83345;
				GENERATE_INFOPLIST_FILE = YES;
				INFOPLIST_FILE = "Learning-Reactive/Info.plist";
				INFOPLIST_KEY_UIApplicationSupportsIndirectInputEvents = YES;
				INFOPLIST_KEY_UILaunchStoryboardName = LaunchScreen;
				INFOPLIST_KEY_UIMainStoryboardFile = Main;
				INFOPLIST_KEY_UISupportedInterfaceOrientations_iPad = "UIInterfaceOrientationPortrait UIInterfaceOrientationPortraitUpsideDown UIInterfaceOrientationLandscapeLeft UIInterfaceOrientationLandscapeRight";
				INFOPLIST_KEY_UISupportedInterfaceOrientations_iPhone = "UIInterfaceOrientationPortrait UIInterfaceOrientationLandscapeLeft UIInterfaceOrientationLandscapeRight";
				LD_RUNPATH_SEARCH_PATHS = (
					"$(inherited)",
					"@executable_path/Frameworks",
				);
				MARKETING_VERSION = 1.0;
				PRODUCT_BUNDLE_IDENTIFIER = "com.nnininnine.Learning-Reactive";
				PRODUCT_NAME = "$(TARGET_NAME)";
				SWIFT_EMIT_LOC_STRINGS = YES;
				SWIFT_VERSION = 5.0;
				TARGETED_DEVICE_FAMILY = "1,2";
			};
			name = Release;
		};
		1E500DB328606FE2006483A0 /* Debug */ = {
			isa = XCBuildConfiguration;
			baseConfigurationReference = EB7BD5C400A31692B33EB6D4 /* Pods-Learning-ReactiveTests.debug.xcconfig */;
			buildSettings = {
				ALWAYS_EMBED_SWIFT_STANDARD_LIBRARIES = YES;
				BUNDLE_LOADER = "$(TEST_HOST)";
				CODE_SIGN_STYLE = Automatic;
				CURRENT_PROJECT_VERSION = 1;
				DEVELOPMENT_TEAM = A2DNT83345;
				GENERATE_INFOPLIST_FILE = YES;
				IPHONEOS_DEPLOYMENT_TARGET = 15.5;
				MARKETING_VERSION = 1.0;
				PRODUCT_BUNDLE_IDENTIFIER = "com.nnininnine.Learning-ReactiveTests";
				PRODUCT_NAME = "$(TARGET_NAME)";
				SWIFT_EMIT_LOC_STRINGS = NO;
				SWIFT_VERSION = 5.0;
				TARGETED_DEVICE_FAMILY = "1,2";
				TEST_HOST = "$(BUILT_PRODUCTS_DIR)/Learning-Reactive.app/Learning-Reactive";
			};
			name = Debug;
		};
		1E500DB428606FE2006483A0 /* Release */ = {
			isa = XCBuildConfiguration;
			baseConfigurationReference = A93EE09562FB2A7499864A3B /* Pods-Learning-ReactiveTests.release.xcconfig */;
			buildSettings = {
				ALWAYS_EMBED_SWIFT_STANDARD_LIBRARIES = YES;
				BUNDLE_LOADER = "$(TEST_HOST)";
				CODE_SIGN_STYLE = Automatic;
				CURRENT_PROJECT_VERSION = 1;
				DEVELOPMENT_TEAM = A2DNT83345;
				GENERATE_INFOPLIST_FILE = YES;
				IPHONEOS_DEPLOYMENT_TARGET = 15.5;
				MARKETING_VERSION = 1.0;
				PRODUCT_BUNDLE_IDENTIFIER = "com.nnininnine.Learning-ReactiveTests";
				PRODUCT_NAME = "$(TARGET_NAME)";
				SWIFT_EMIT_LOC_STRINGS = NO;
				SWIFT_VERSION = 5.0;
				TARGETED_DEVICE_FAMILY = "1,2";
				TEST_HOST = "$(BUILT_PRODUCTS_DIR)/Learning-Reactive.app/Learning-Reactive";
			};
			name = Release;
		};
		1E500DB628606FE2006483A0 /* Debug */ = {
			isa = XCBuildConfiguration;
			baseConfigurationReference = 63EEA588A59B85C7B73A6EC6 /* Pods-Learning-Reactive-Learning-ReactiveUITests.debug.xcconfig */;
			buildSettings = {
				ALWAYS_EMBED_SWIFT_STANDARD_LIBRARIES = YES;
				CODE_SIGN_STYLE = Automatic;
				CURRENT_PROJECT_VERSION = 1;
				DEVELOPMENT_TEAM = A2DNT83345;
				GENERATE_INFOPLIST_FILE = YES;
				MARKETING_VERSION = 1.0;
				PRODUCT_BUNDLE_IDENTIFIER = "com.nnininnine.Learning-ReactiveUITests";
				PRODUCT_NAME = "$(TARGET_NAME)";
				SWIFT_EMIT_LOC_STRINGS = NO;
				SWIFT_VERSION = 5.0;
				TARGETED_DEVICE_FAMILY = "1,2";
				TEST_TARGET_NAME = "Learning-Reactive";
			};
			name = Debug;
		};
		1E500DB728606FE2006483A0 /* Release */ = {
			isa = XCBuildConfiguration;
			baseConfigurationReference = 9ECF3CE1431F9C0DF32356C7 /* Pods-Learning-Reactive-Learning-ReactiveUITests.release.xcconfig */;
			buildSettings = {
				ALWAYS_EMBED_SWIFT_STANDARD_LIBRARIES = YES;
				CODE_SIGN_STYLE = Automatic;
				CURRENT_PROJECT_VERSION = 1;
				DEVELOPMENT_TEAM = A2DNT83345;
				GENERATE_INFOPLIST_FILE = YES;
				MARKETING_VERSION = 1.0;
				PRODUCT_BUNDLE_IDENTIFIER = "com.nnininnine.Learning-ReactiveUITests";
				PRODUCT_NAME = "$(TARGET_NAME)";
				SWIFT_EMIT_LOC_STRINGS = NO;
				SWIFT_VERSION = 5.0;
				TARGETED_DEVICE_FAMILY = "1,2";
				TEST_TARGET_NAME = "Learning-Reactive";
			};
			name = Release;
		};
/* End XCBuildConfiguration section */

/* Begin XCConfigurationList section */
		1E500D8028606FE0006483A0 /* Build configuration list for PBXProject "Learning-Reactive" */ = {
			isa = XCConfigurationList;
			buildConfigurations = (
				1E500DAD28606FE2006483A0 /* Debug */,
				1E500DAE28606FE2006483A0 /* Release */,
			);
			defaultConfigurationIsVisible = 0;
			defaultConfigurationName = Release;
		};
		1E500DAF28606FE2006483A0 /* Build configuration list for PBXNativeTarget "Learning-Reactive" */ = {
			isa = XCConfigurationList;
			buildConfigurations = (
				1E500DB028606FE2006483A0 /* Debug */,
				1E500DB128606FE2006483A0 /* Release */,
			);
			defaultConfigurationIsVisible = 0;
			defaultConfigurationName = Release;
		};
		1E500DB228606FE2006483A0 /* Build configuration list for PBXNativeTarget "Learning-ReactiveTests" */ = {
			isa = XCConfigurationList;
			buildConfigurations = (
				1E500DB328606FE2006483A0 /* Debug */,
				1E500DB428606FE2006483A0 /* Release */,
			);
			defaultConfigurationIsVisible = 0;
			defaultConfigurationName = Release;
		};
		1E500DB528606FE2006483A0 /* Build configuration list for PBXNativeTarget "Learning-ReactiveUITests" */ = {
			isa = XCConfigurationList;
			buildConfigurations = (
				1E500DB628606FE2006483A0 /* Debug */,
				1E500DB728606FE2006483A0 /* Release */,
			);
			defaultConfigurationIsVisible = 0;
			defaultConfigurationName = Release;
		};
/* End XCConfigurationList section */
	};
	rootObject = 1E500D7D28606FE0006483A0 /* Project object */;
}
